<?xml version="1.0" encoding="UTF-8" standalone="yes" ?>
<CodeBlocks_project_file>
	<FileVersion major="1" minor="6" />
	<Project>
		<Option title="win-bright" />
		<Option pch_mode="2" />
		<Option compiler="gcc" />
		<Build>
			<Target title="Debug">
				<Option output="bin/Debug/win-bright" prefix_auto="1" extension_auto="1" />
				<Option object_output="obj/Debug/" />
				<Option type="1" />
				<Option compiler="gcc" />
				<Compiler>
					<Add option="-g" />
					<Add option="`pkgconf --cflags gtk4`" />
					<Add option="`pkgconf --cflags glib-2.0`" />
					<Add option="`pkgconf --cflags glibmm-2.68`" />
					<Add option="`pkgconf --cflags gtkmm-4.0`" />
					<Add option="`pkgconf --cflags gdkmm-2.4`" />
				</Compiler>
				<Linker>
					<Add option="`pkgconf --libs gtk4`" />
					<Add option="`pkgconf --libs glib-2.0`" />
					<Add option="`pkgconf --libs glibmm-2.68`" />
					<Add option="`pkgconf --libs gtkmm-4.0`" />
					<Add option="`pkgconf --libs gdkmm-2.4`" />
				</Linker>
			</Target>
			<Target title="Release">
				<Option output="bin/Release/win-bright" prefix_auto="1" extension_auto="1" />
				<Option object_output="obj/Release/" />
				<Option type="1" />
				<Option compiler="gcc" />
				<Compiler>
					<Add option="-O2" />
				</Compiler>
				<Linker>
					<Add option="-s" />
				</Linker>
			</Target>
		</Build>
		<Compiler>
			<Add option="-Wall" />
			<Add option="-fexceptions" />
		</Compiler>
		<Unit filename="main.cpp" />
		<Extensions>
			<lib_finder disable_auto="1" />
		</Extensions>
	</Project>
</CodeBlocks_project_file>
